
Microsoft Visual Studio Solution File, Format Version 12.00
# Visual Studio Version 17
VisualStudioVersion = 17.14.36310.24 d17.14
MinimumVisualStudioVersion = 10.0.40219.1
Project("{FAE04EC0-301F-11D3-BF4B-00C04F79EFBC}") = "Rocket Landing Simulation", "Rocket Landing Simulation\Rocket Landing Simulation.csproj", "{99901060-FA74-48C1-98EF-8036B33C4C23}"
EndProject
Global
	GlobalSection(SolutionConfigurationPlatforms) = preSolution
		Debug|Any CPU = Debug|Any CPU
		Release|Any CPU = Release|Any CPU
	EndGlobalSection
	GlobalSection(ProjectConfigurationPlatforms) = postSolution
		{99901060-FA74-48C1-98EF-8036B33C4C23}.Debug|Any CPU.ActiveCfg = Debug|Any CPU
		{99901060-FA74-48C1-98EF-8036B33C4C23}.Debug|Any CPU.Build.0 = Debug|Any CPU
		{99901060-FA74-48C1-98EF-8036B33C4C23}.Release|Any CPU.ActiveCfg = Release|Any CPU
		{99901060-FA74-48C1-98EF-8036B33C4C23}.Release|Any CPU.Build.0 = Release|Any CPU
	EndGlobalSection
	GlobalSection(SolutionProperties) = preSolution
		HideSolutionNode = FALSE
	EndGlobalSection
	GlobalSection(ExtensibilityGlobals) = postSolution
		SolutionGuid = {6DF4D16D-C51F-46F8-92F1-BCEEADA2D43B}
	EndGlobalSection
EndGlobal
